
Microsoft Visual Studio Solution File, Format Version 12.00
# Visual Studio Version 17
VisualStudioVersion = 17.8.34309.116
MinimumVisualStudioVersion = 10.0.40219.1
Project("{FAE04EC0-301F-11D3-BF4B-00C04F79EFBC}") = "Geomtery", "Geomtery\Geomtery.csproj", "{92F9DC22-81EE-4325-9DAD-CA525B68988B}"
EndProject
Project("{FAE04EC0-301F-11D3-BF4B-00C04F79EFBC}") = "Geometry.Tests", "Geometry.Tests\Geometry.Tests.csproj", "{30587CAD-AA12-4B6E-8B4F-D1E0615F578E}"
EndProject
Project("{FAE04EC0-301F-11D3-BF4B-00C04F79EFBC}") = "SomeWebApi", "SomeWebApi\SomeWebApi.csproj", "{566D955A-FEE9-4ED3-B461-0123CDAE4759}"
EndProject
Project("{FAE04EC0-301F-11D3-BF4B-00C04F79EFBC}") = "SparePartsTests", "SparePartsTests\SparePartsTests.csproj", "{FE1E06BE-D91B-442E-92E3-33902DE2081D}"
EndProject
Global
	GlobalSection(SolutionConfigurationPlatforms) = preSolution
		Debug|Any CPU = Debug|Any CPU
		Release|Any CPU = Release|Any CPU
	EndGlobalSection
	GlobalSection(ProjectConfigurationPlatforms) = postSolution
		{92F9DC22-81EE-4325-9DAD-CA525B68988B}.Debug|Any CPU.ActiveCfg = Debug|Any CPU
		{92F9DC22-81EE-4325-9DAD-CA525B68988B}.Debug|Any CPU.Build.0 = Debug|Any CPU
		{92F9DC22-81EE-4325-9DAD-CA525B68988B}.Release|Any CPU.ActiveCfg = Release|Any CPU
		{92F9DC22-81EE-4325-9DAD-CA525B68988B}.Release|Any CPU.Build.0 = Release|Any CPU
		{30587CAD-AA12-4B6E-8B4F-D1E0615F578E}.Debug|Any CPU.ActiveCfg = Debug|Any CPU
		{30587CAD-AA12-4B6E-8B4F-D1E0615F578E}.Debug|Any CPU.Build.0 = Debug|Any CPU
		{30587CAD-AA12-4B6E-8B4F-D1E0615F578E}.Release|Any CPU.ActiveCfg = Release|Any CPU
		{30587CAD-AA12-4B6E-8B4F-D1E0615F578E}.Release|Any CPU.Build.0 = Release|Any CPU
		{566D955A-FEE9-4ED3-B461-0123CDAE4759}.Debug|Any CPU.ActiveCfg = Debug|Any CPU
		{566D955A-FEE9-4ED3-B461-0123CDAE4759}.Debug|Any CPU.Build.0 = Debug|Any CPU
		{566D955A-FEE9-4ED3-B461-0123CDAE4759}.Release|Any CPU.ActiveCfg = Release|Any CPU
		{566D955A-FEE9-4ED3-B461-0123CDAE4759}.Release|Any CPU.Build.0 = Release|Any CPU
		{FE1E06BE-D91B-442E-92E3-33902DE2081D}.Debug|Any CPU.ActiveCfg = Debug|Any CPU
		{FE1E06BE-D91B-442E-92E3-33902DE2081D}.Debug|Any CPU.Build.0 = Debug|Any CPU
		{FE1E06BE-D91B-442E-92E3-33902DE2081D}.Release|Any CPU.ActiveCfg = Release|Any CPU
		{FE1E06BE-D91B-442E-92E3-33902DE2081D}.Release|Any CPU.Build.0 = Release|Any CPU
	EndGlobalSection
	GlobalSection(SolutionProperties) = preSolution
		HideSolutionNode = FALSE
	EndGlobalSection
	GlobalSection(ExtensibilityGlobals) = postSolution
		SolutionGuid = {A3208C05-5A1F-4EFE-BB1E-04975C244D09}
	EndGlobalSection
EndGlobal
