
Microsoft Visual Studio Solution File, Format Version 12.00
# Visual Studio Version 17
VisualStudioVersion = 17.8.34309.116
MinimumVisualStudioVersion = 10.0.40219.1
Project("{FAE04EC0-301F-11D3-BF4B-00C04F79EFBC}") = "Geomtery", "Geomtery\Geomtery.csproj", "{92F9DC22-81EE-4325-9DAD-CA525B68988B}"
EndProject
Global
	GlobalSection(SolutionConfigurationPlatforms) = preSolution
		Debug|Any CPU = Debug|Any CPU
		Release|Any CPU = Release|Any CPU
	EndGlobalSection
	GlobalSection(ProjectConfigurationPlatforms) = postSolution
		{92F9DC22-81EE-4325-9DAD-CA525B68988B}.Debug|Any CPU.ActiveCfg = Debug|Any CPU
		{92F9DC22-81EE-4325-9DAD-CA525B68988B}.Debug|Any CPU.Build.0 = Debug|Any CPU
		{92F9DC22-81EE-4325-9DAD-CA525B68988B}.Release|Any CPU.ActiveCfg = Release|Any CPU
		{92F9DC22-81EE-4325-9DAD-CA525B68988B}.Release|Any CPU.Build.0 = Release|Any CPU
	EndGlobalSection
	GlobalSection(SolutionProperties) = preSolution
		HideSolutionNode = FALSE
	EndGlobalSection
	GlobalSection(ExtensibilityGlobals) = postSolution
		SolutionGuid = {A3208C05-5A1F-4EFE-BB1E-04975C244D09}
	EndGlobalSection
EndGlobal
